{
  "nodes": {
    "nixpkgs": {
      "locked": {
        "lastModified": 1748557635,
        "narHash": "sha256-DiZgH2C7kHhUFRzDtoY6ZZLMPBSzv7e6uxgB9SwnGDw=",
        "owner": "NixOS",
        "repo": "nixpkgs",
        "rev": "8b0df103a75f4857a9ac3949687188c8db907390",
        "type": "github"
      },
      "original": {
        "owner": "NixOS",
        "ref": "release-25.05",
        "repo": "nixpkgs",
        "type": "github"
      }
    },
    "root": {
      "inputs": {
        "nixpkgs": "nixpkgs"
      }
    }
  },
  "root": "root",
  "version": 7
}
