version = 1
revision = 3
requires-python = "==3.12.*"

[[package]]
name = "freetype-py"
version = "2.5.1"
source = { registry = "https://pypi.org/simple" }
sdist = { url = "https://files.pythonhosted.org/packages/d0/9c/61ba17f846b922c2d6d101cc886b0e8fb597c109cedfcb39b8c5d2304b54/freetype-py-2.5.1.zip", hash = "sha256:cfe2686a174d0dd3d71a9d8ee9bf6a2c23f5872385cf8ce9f24af83d076e2fbd", size = 851738, upload-time = "2024-08-29T18:32:26.37Z" }
wheels = [
    { url = "https://files.pythonhosted.org/packages/38/a8/258dd138ebe60c79cd8cfaa6d021599208a33f0175a5e29b01f60c9ab2c7/freetype_py-2.5.1-py3-none-macosx_10_9_universal2.whl", hash = "sha256:d01ded2557694f06aa0413f3400c0c0b2b5ebcaabeef7aaf3d756be44f51e90b", size = 1747885, upload-time = "2024-08-29T18:32:17.604Z" },
    { url = "https://files.pythonhosted.org/packages/a2/93/280ad06dc944e40789b0a641492321a2792db82edda485369cbc59d14366/freetype_py-2.5.1-py3-none-manylinux_2_17_aarch64.manylinux2014_aarch64.whl", hash = "sha256:5d2f6b3d68496797da23204b3b9c4e77e67559c80390fc0dc8b3f454ae1cd819", size = 1051055, upload-time = "2024-08-29T18:32:19.153Z" },
    { url = "https://files.pythonhosted.org/packages/b6/36/853cad240ec63e21a37a512ee19c896b655ce1772d803a3dd80fccfe63fe/freetype_py-2.5.1-py3-none-manylinux_2_5_x86_64.manylinux1_x86_64.manylinux_2_12_x86_64.manylinux2010_x86_64.whl", hash = "sha256:289b443547e03a4f85302e3ac91376838e0d11636050166662a4f75e3087ed0b", size = 1043856, upload-time = "2024-08-29T18:32:20.565Z" },
    { url = "https://files.pythonhosted.org/packages/93/6f/fcc1789e42b8c6617c3112196d68e87bfe7d957d80812d3c24d639782dcb/freetype_py-2.5.1-py3-none-musllinux_1_1_aarch64.whl", hash = "sha256:cd3bfdbb7e1a84818cfbc8025fca3096f4f2afcd5d4641184bf0a3a2e6f97bbf", size = 1108180, upload-time = "2024-08-29T18:32:21.871Z" },
    { url = "https://files.pythonhosted.org/packages/2a/1b/161d3a6244b8a820aef188e4397a750d4a8196316809576d015f26594296/freetype_py-2.5.1-py3-none-musllinux_1_1_x86_64.whl", hash = "sha256:3c1aefc4f0d5b7425f014daccc5fdc7c6f914fb7d6a695cc684f1c09cd8c1660", size = 1106792, upload-time = "2024-08-29T18:32:23.134Z" },
    { url = "https://files.pythonhosted.org/packages/93/6e/bd7fbfacca077bc6f34f1a1109800a2c41ab50f4704d3a0507ba41009915/freetype_py-2.5.1-py3-none-win_amd64.whl", hash = "sha256:0b7f8e0342779f65ca13ef8bc103938366fecade23e6bb37cb671c2b8ad7f124", size = 814608, upload-time = "2024-08-29T18:32:24.648Z" },
]

[[package]]
name = "odoo-addons-deps"
version = "0.1.0"
source = { editable = "." }
dependencies = [
    { name = "freetype-py" },
    { name = "pycairo" },
    { name = "rlpycairo" },
]

[package.metadata]
requires-dist = [
    { name = "freetype-py", specifier = ">=2.5" },
    { name = "pycairo", specifier = ">=1.27" },
    { name = "rlpycairo", specifier = ">=0.3" },
]

[[package]]
name = "pycairo"
version = "1.29.1"
source = { registry = "https://pypi.org/simple" }
sdist = { url = "https://files.pythonhosted.org/packages/26/7c/ab4637b028d9ee12280ab9342f28310e613d5ca30c4d72d2aebeaa6a4969/pycairo-1.29.1.tar.gz", hash = "sha256:4fbd26b4af24c9787d84cf5448e34eb8dca064b732479aaecd03109520eebd5f", size = 666272, upload-time = "2026-08-07T08:45:50.095Z" }
wheels = [
    { url = "https://files.pythonhosted.org/packages/72/f6/b6a2e016cf0df97b2cd094c228c9303af21d626993607d8ea750ea8b704b/pycairo-1.29.1-cp312-cp312-win32.whl", hash = "sha256:cf25a97a15bedd0cdabee5b18652de45eff70b4a7999416ed18dcee2144d17f5", size = 751363, upload-time = "2026-08-07T08:46:12.545Z" },
    { url = "https://files.pythonhosted.org/packages/69/7e/7be1346df5ab8cd7f748f2d17d25d61f34550cfd141f60e8319e9c70df87/pycairo-1.29.1-cp312-cp312-win_amd64.whl", hash = "sha256:839cd8c98e1933426d8959168b466901b398bf4867454451023b93d91030cca9", size = 846004, upload-time = "2026-08-07T08:46:14.067Z" },
    { url = "https://files.pythonhosted.org/packages/04/97/40966895bc12319ff3173cbb5d7876149a8e90e99bbf3b70e4af492c73a9/pycairo-1.29.1-cp312-cp312-win_arm64.whl", hash = "sha256:7cb6279cf0a7951ae9aaa21c6a0adff0fce62c0a68797b6a26a54f9a0859ad4d", size = 694560, upload-time = "2026-08-07T08:46:15.839Z" },
]

[[package]]
name = "rlpycairo"
version = "0.4.0"
source = { registry = "https://pypi.org/simple" }
dependencies = [
    { name = "freetype-py" },
    { name = "pycairo" },
]
sdist = { url = "https://files.pythonhosted.org/packages/4b/24/09b18821e06de45394d34dda706d34169db6bddd6a403346caa3496b3668/rlpycairo-0.4.0.tar.gz", hash = "sha256:07c2c3c47828e83d9c09657a54ecbcd1a97aac9dc199780234456d3473faadc7", size = 7692, upload-time = "2025-08-15T12:25:22.761Z" }
wheels = [
    { url = "https://files.pythonhosted.org/packages/6a/00/d26b61e82163a59334e9f2ae31ba95ac01922da3792f090e11762d4422e8/rlpycairo-0.4.0-py3-none-any.whl", hash = "sha256:3ce83825d5761c03bc3571c7db12a336ad51417e63189e3512d11b8922576aa9", size = 7558, upload-time = "2025-08-15T12:24:52.544Z" },
]
